
Microsoft Visual Studio Solution File, Format Version 12.00
# Visual Studio Version 17
VisualStudioVersion = 17.5.33414.496
MinimumVisualStudioVersion = 10.0.40219.1
Project("{FAE04EC0-301F-11D3-BF4B-00C04F79EFBC}") = "Linq", "Linq\Linq.csproj", "{6EEC7C4E-AA5F-4100-B3D5-0C5750E0780A}"
EndProject
Global
	GlobalSection(SolutionConfigurationPlatforms) = preSolution
		Debug|Any CPU = Debug|Any CPU
		Release|Any CPU = Release|Any CPU
	EndGlobalSection
	GlobalSection(ProjectConfigurationPlatforms) = postSolution
		{6EEC7C4E-AA5F-4100-B3D5-0C5750E0780A}.Debug|Any CPU.ActiveCfg = Debug|Any CPU
		{6EEC7C4E-AA5F-4100-B3D5-0C5750E0780A}.Debug|Any CPU.Build.0 = Debug|Any CPU
		{6EEC7C4E-AA5F-4100-B3D5-0C5750E0780A}.Release|Any CPU.ActiveCfg = Release|Any CPU
		{6EEC7C4E-AA5F-4100-B3D5-0C5750E0780A}.Release|Any CPU.Build.0 = Release|Any CPU
	EndGlobalSection
	GlobalSection(SolutionProperties) = preSolution
		HideSolutionNode = FALSE
	EndGlobalSection
	GlobalSection(ExtensibilityGlobals) = postSolution
		SolutionGuid = {DC49F63B-4184-4E2E-A803-A0A76AD58FCB}
	EndGlobalSection
EndGlobal
